<?xml version="1.0" encoding="utf-8"?>
<Project ToolsVersion="4.0" xmlns="http://schemas.microsoft.com/developer/msbuild/2003">
  <ItemGroup>
    <Filter Include="Source Files">
      <UniqueIdentifier>{4FC737F1-C7A5-4376-A066-2A32D752A2FF}</UniqueIdentifier>
      <Extensions>cpp;c;cc;cxx;def;odl;idl;hpj;bat;asm;asmx</Extensions>
    </Filter>
    <Filter Include="Header Files">
      <UniqueIdentifier>{93995380-89BD-4b04-88EB-625FBE52EBFB}</UniqueIdentifier>
      <Extensions>h;hh;hpp;hxx;hm;inl;inc;xsd</Extensions>
    </Filter>
    <Filter Include="Resource Files">
      <UniqueIdentifier>{67DA6AB6-F800-4c08-8B7A-83BB121AAD01}</UniqueIdentifier>
      <Extensions>rc;ico;cur;bmp;dlg;rc2;rct;bin;rgs;gif;jpg;jpeg;jpe;resx;tiff;tif;png;wav;mfcribbon-ms</Extensions>
    </Filter>
  </ItemGroup>
  <ItemGroup>
    <ClInclude Include="__vm\.Synth_Workstation.vsarduino.h">
      <Filter>Header Files</Filter>
    </ClInclude>
    <ClInclude Include="DeviceButton.h">
      <Filter>Header Files</Filter>
    </ClInclude>
    <ClInclude Include="DeviceDAC.h">
      <Filter>Header Files</Filter>
    </ClInclude>
    <ClInclude Include="DeviceDisplay.h">
      <Filter>Header Files</Filter>
    </ClInclude>
    <ClInclude Include="DeviceEncoder.h">
      <Filter>Header Files</Filter>
    </ClInclude>
    <ClInclude Include="DeviceLED.h">
      <Filter>Header Files</Filter>
    </ClInclude>
    <ClInclude Include="DeviceMIDI.h">
      <Filter>Header Files</Filter>
    </ClInclude>
    <ClInclude Include="DeviceNeopixels.h">
      <Filter>Header Files</Filter>
    </ClInclude>
    <ClInclude Include="DeviceSampler.h">
      <Filter>Header Files</Filter>
    </ClInclude>
    <ClInclude Include="DeviceShiftRegister.h">
      <Filter>Header Files</Filter>
    </ClInclude>
    <ClInclude Include="DeviceTrellis.h">
      <Filter>Header Files</Filter>
    </ClInclude>
    <ClInclude Include="scales.h">
      <Filter>Header Files</Filter>
    </ClInclude>
    <ClInclude Include="Sequencer.h">
      <Filter>Header Files</Filter>
    </ClInclude>
    <ClInclude Include="settings.h">
      <Filter>Header Files</Filter>
    </ClInclude>
    <ClInclude Include="Workstation.h">
      <Filter>Header Files</Filter>
    </ClInclude>
    <ClInclude Include="__vm\.Synth-DIY3.vsarduino.h">
      <Filter>Header Files</Filter>
    </ClInclude>
    <ClInclude Include="__vm\.Synth-DIY4.vsarduino.h">
      <Filter>Header Files</Filter>
    </ClInclude>
  </ItemGroup>
  <ItemGroup>
    <ClCompile Include="DeviceButton.cpp">
      <Filter>Source Files</Filter>
    </ClCompile>
    <ClCompile Include="DeviceDAC.cpp">
      <Filter>Source Files</Filter>
    </ClCompile>
    <ClCompile Include="DeviceDisplay.cpp">
      <Filter>Source Files</Filter>
    </ClCompile>
    <ClCompile Include="DeviceEncoder.cpp">
      <Filter>Source Files</Filter>
    </ClCompile>
    <ClCompile Include="DeviceLED.cpp">
      <Filter>Source Files</Filter>
    </ClCompile>
    <ClCompile Include="DeviceMIDI.cpp">
      <Filter>Source Files</Filter>
    </ClCompile>
    <ClCompile Include="DeviceNeopixels.cpp">
      <Filter>Source Files</Filter>
    </ClCompile>
    <ClCompile Include="DeviceSampler.cpp">
      <Filter>Source Files</Filter>
    </ClCompile>
    <ClCompile Include="DeviceShiftRegister.cpp">
      <Filter>Source Files</Filter>
    </ClCompile>
    <ClCompile Include="DeviceTrellis.cpp">
      <Filter>Source Files</Filter>
    </ClCompile>
    <ClCompile Include="Sequencer.cpp">
      <Filter>Source Files</Filter>
    </ClCompile>
    <ClCompile Include="NeoPattern.ino">
      <Filter>Source Files</Filter>
    </ClCompile>
  </ItemGroup>
  <ItemGroup>
    <None Include="Synth-DIY4.ino" />
  </ItemGroup>
</Project>